// !$*UTF8*$!
{
	archiveVersion = 1;
	classes = {
	};
	objectVersion = 48;
	objects = {

/* Begin PBXBuildFile section */
		8BF705551F5C3CA20064C421 /* AppDelegate.swift in Sources */ = {isa = PBXBuildFile; fileRef = 8BF705541F5C3CA20064C421 /* AppDelegate.swift */; };
		8BF705571F5C3CA20064C421 /* ViewController.swift in Sources */ = {isa = PBXBuildFile; fileRef = 8BF705561F5C3CA20064C421 /* ViewController.swift */; };
		8BF7055A1F5C3CA20064C421 /* Main.storyboard in Resources */ = {isa = PBXBuildFile; fileRef = 8BF705581F5C3CA20064C421 /* Main.storyboard */; };
		8BF7055C1F5C3CA20064C421 /* Assets.xcassets in Resources */ = {isa = PBXBuildFile; fileRef = 8BF7055B1F5C3CA20064C421 /* Assets.xcassets */; };
		8BF7055F1F5C3CA20064C421 /* LaunchScreen.storyboard in Resources */ = {isa = PBXBuildFile; fileRef = 8BF7055D1F5C3CA20064C421 /* LaunchScreen.storyboard */; };
		8BF705671F5C3CB00064C421 /* Person.swift in Sources */ = {isa = PBXBuildFile; fileRef = 8BF705661F5C3CB00064C421 /* Person.swift */; };
/* End PBXBuildFile section */

/* Begin PBXFileReference section */
		8BF705511F5C3CA20064C421 /* ThreadSafeClass.app */ = {isa = PBXFileReference; explicitFileType = wrapper.application; includeInIndex = 0; path = ThreadSafeClass.app; sourceTree = BUILT_PRODUCTS_DIR; };
		8BF705541F5C3CA20064C421 /* AppDelegate.swift */ = {isa = PBXFileReference; lastKnownFileType = sourcecode.swift; path = AppDelegate.swift; sourceTree = "<group>"; };
		8BF705561F5C3CA20064C421 /* ViewController.swift */ = {isa = PBXFileReference; lastKnownFileType = sourcecode.swift; path = ViewController.swift; sourceTree = "<group>"; };
		8BF705591F5C3CA20064C421 /* Base */ = {isa = PBXFileReference; lastKnownFileType = file.storyboard; name = Base; path = Base.lproj/Main.storyboard; sourceTree = "<group>"; };
		8BF7055B1F5C3CA20064C421 /* Assets.xcassets */ = {isa = PBXFileReference; lastKnownFileType = folder.assetcatalog; path = Assets.xcassets; sourceTree = "<group>"; };
		8BF7055E1F5C3CA20064C421 /* Base */ = {isa = PBXFileReference; lastKnownFileType = file.storyboard; name = Base; path = Base.lproj/LaunchScreen.storyboard; sourceTree = "<group>"; };
		8BF705601F5C3CA20064C421 /* Info.plist */ = {isa = PBXFileReference; lastKnownFileType = text.plist.xml; path = Info.plist; sourceTree = "<group>"; };
		8BF705661F5C3CB00064C421 /* Person.swift */ = {isa = PBXFileReference; lastKnownFileType = sourcecode.swift; path = Person.swift; sourceTree = "<group>"; };
/* End PBXFileReference section */

/* Begin PBXFrameworksBuildPhase section */
		8BF7054E1F5C3CA20064C421 /* Frameworks */ = {
			isa = PBXFrameworksBuildPhase;
			buildActionMask = 2147483647;
			files = (
			);
			runOnlyForDeploymentPostprocessing = 0;
		};
/* End PBXFrameworksBuildPhase section */

/* Begin PBXGroup section */
		8BF705481F5C3CA20064C421 = {
			isa = PBXGroup;
			children = (
				8BF705531F5C3CA20064C421 /* ThreadSafeClass */,
				8BF705521F5C3CA20064C421 /* Products */,
			);
			sourceTree = "<group>";
		};
		8BF705521F5C3CA20064C421 /* Products */ = {
			isa = PBXGroup;
			children = (
				8BF705511F5C3CA20064C421 /* ThreadSafeClass.app */,
			);
			name = Products;
			sourceTree = "<group>";
		};
		8BF705531F5C3CA20064C421 /* ThreadSafeClass */ = {
			isa = PBXGroup;
			children = (
				8BF705541F5C3CA20064C421 /* AppDelegate.swift */,
				8BF705561F5C3CA20064C421 /* ViewController.swift */,
				8BF705661F5C3CB00064C421 /* Person.swift */,
				8BF705581F5C3CA20064C421 /* Main.storyboard */,
				8BF7055B1F5C3CA20064C421 /* Assets.xcassets */,
				8BF7055D1F5C3CA20064C421 /* LaunchScreen.storyboard */,
				8BF705601F5C3CA20064C421 /* Info.plist */,
			);
			path = ThreadSafeClass;
			sourceTree = "<group>";
		};
/* End PBXGroup section */

/* Begin PBXNativeTarget section */
		8BF705501F5C3CA20064C421 /* ThreadSafeClass */ = {
			isa = PBXNativeTarget;
			buildConfigurationList = 8BF705631F5C3CA20064C421 /* Build configuration list for PBXNativeTarget "ThreadSafeClass" */;
			buildPhases = (
				8BF7054D1F5C3CA20064C421 /* Sources */,
				8BF7054E1F5C3CA20064C421 /* Frameworks */,
				8BF7054F1F5C3CA20064C421 /* Resources */,
			);
			buildRules = (
			);
			dependencies = (
			);
			name = ThreadSafeClass;
			productName = ThreadSafeClass;
			productReference = 8BF705511F5C3CA20064C421 /* ThreadSafeClass.app */;
			productType = "com.apple.product-type.application";
		};
/* End PBXNativeTarget section */

/* Begin PBXProject section */
		8BF705491F5C3CA20064C421 /* Project object */ = {
			isa = PBXProject;
			attributes = {
				LastSwiftUpdateCheck = 0900;
				LastUpgradeCheck = 0900;
				ORGANIZATIONNAME = "Alfian Losari";
				TargetAttributes = {
					8BF705501F5C3CA20064C421 = {
						CreatedOnToolsVersion = 9.0;
						ProvisioningStyle = Automatic;
					};
				};
			};
			buildConfigurationList = 8BF7054C1F5C3CA20064C421 /* Build configuration list for PBXProject "ThreadSafeClass" */;
			compatibilityVersion = "Xcode 8.0";
			developmentRegion = en;
			hasScannedForEncodings = 0;
			knownRegions = (
				en,
				Base,
			);
			mainGroup = 8BF705481F5C3CA20064C421;
			productRefGroup = 8BF705521F5C3CA20064C421 /* Products */;
			projectDirPath = "";
			projectRoot = "";
			targets = (
				8BF705501F5C3CA20064C421 /* ThreadSafeClass */,
			);
		};
/* End PBXProject section */

/* Begin PBXResourcesBuildPhase section */
		8BF7054F1F5C3CA20064C421 /* Resources */ = {
			isa = PBXResourcesBuildPhase;
			buildActionMask = 2147483647;
			files = (
				8BF7055F1F5C3CA20064C421 /* LaunchScreen.storyboard in Resources */,
				8BF7055C1F5C3CA20064C421 /* Assets.xcassets in Resources */,
				8BF7055A1F5C3CA20064C421 /* Main.storyboard in Resources */,
			);
			runOnlyForDeploymentPostprocessing = 0;
		};
/* End PBXResourcesBuildPhase section */

/* Begin PBXSourcesBuildPhase section */
		8BF7054D1F5C3CA20064C421 /* Sources */ = {
			isa = PBXSourcesBuildPhase;
			buildActionMask = 2147483647;
			files = (
				8BF705671F5C3CB00064C421 /* Person.swift in Sources */,
				8BF705571F5C3CA20064C421 /* ViewController.swift in Sources */,
				8BF705551F5C3CA20064C421 /* AppDelegate.swift in Sources */,
			);
			runOnlyForDeploymentPostprocessing = 0;
		};
/* End PBXSourcesBuildPhase section */

/* Begin PBXVariantGroup section */
		8BF705581F5C3CA20064C421 /* Main.storyboard */ = {
			isa = PBXVariantGroup;
			children = (
				8BF705591F5C3CA20064C421 /* Base */,
			);
			name = Main.storyboard;
			sourceTree = "<group>";
		};
		8BF7055D1F5C3CA20064C421 /* LaunchScreen.storyboard */ = {
			isa = PBXVariantGroup;
			children = (
				8BF7055E1F5C3CA20064C421 /* Base */,
			);
			name = LaunchScreen.storyboard;
			sourceTree = "<group>";
		};
/* End PBXVariantGroup section */

/* Begin XCBuildConfiguration section */
		8BF705611F5C3CA20064C421 /* Debug */ = {
			isa = XCBuildConfiguration;
			buildSettings = {
				ALWAYS_SEARCH_USER_PATHS = NO;
				CLANG_ANALYZER_NONNULL = YES;
				CLANG_ANALYZER_NUMBER_OBJECT_CONVERSION = YES_AGGRESSIVE;
				CLANG_CXX_LANGUAGE_STANDARD = "gnu++14";
				CLANG_CXX_LIBRARY = "libc++";
				CLANG_ENABLE_MODULES = YES;
				CLANG_ENABLE_OBJC_ARC = YES;
				CLANG_WARN_BLOCK_CAPTURE_AUTORELEASING = YES;
				CLANG_WARN_BOOL_CONVERSION = YES;
				CLANG_WARN_COMMA = YES;
				CLANG_WARN_CONSTANT_CONVERSION = YES;
				CLANG_WARN_DIRECT_OBJC_ISA_USAGE = YES_ERROR;
				CLANG_WARN_DOCUMENTATION_COMMENTS = YES;
				CLANG_WARN_EMPTY_BODY = YES;
				CLANG_WARN_ENUM_CONVERSION = YES;
				CLANG_WARN_INFINITE_RECURSION = YES;
				CLANG_WARN_INT_CONVERSION = YES;
				CLANG_WARN_NON_LITERAL_NULL_CONVERSION = YES;
				CLANG_WARN_OBJC_LITERAL_CONVERSION = YES;
				CLANG_WARN_OBJC_ROOT_CLASS = YES_ERROR;
				CLANG_WARN_RANGE_LOOP_ANALYSIS = YES;
				CLANG_WARN_STRICT_PROTOTYPES = YES;
				CLANG_WARN_SUSPICIOUS_MOVE = YES;
				CLANG_WARN_UNGUARDED_AVAILABILITY = YES_AGGRESSIVE;
				CLANG_WARN_UNREACHABLE_CODE = YES;
				CLANG_WARN__DUPLICATE_METHOD_MATCH = YES;
				CODE_SIGN_IDENTITY = "iPhone Developer";
				COPY_PHASE_STRIP = NO;
				DEBUG_INFORMATION_FORMAT = dwarf;
				ENABLE_STRICT_OBJC_MSGSEND = YES;
				ENABLE_TESTABILITY = YES;
				GCC_C_LANGUAGE_STANDARD = gnu11;
				GCC_DYNAMIC_NO_PIC = NO;
				GCC_NO_COMMON_BLOCKS = YES;
				GCC_OPTIMIZATION_LEVEL = 0;
				GCC_PREPROCESSOR_DEFINITIONS = (
					"DEBUG=1",
					"$(inherited)",
				);
				GCC_WARN_64_TO_32_BIT_CONVERSION = YES;
				GCC_WARN_ABOUT_RETURN_TYPE = YES_ERROR;
				GCC_WARN_UNDECLARED_SELECTOR = YES;
				GCC_WARN_UNINITIALIZED_AUTOS = YES_AGGRESSIVE;
				GCC_WARN_UNUSED_FUNCTION = YES;
				GCC_WARN_UNUSED_VARIABLE = YES;
				IPHONEOS_DEPLOYMENT_TARGET = 11.0;
				MTL_ENABLE_DEBUG_INFO = YES;
				ONLY_ACTIVE_ARCH = YES;
				SDKROOT = iphoneos;
				SWIFT_ACTIVE_COMPILATION_CONDITIONS = DEBUG;
				SWIFT_OPTIMIZATION_LEVEL = "-Onone";
			};
			name = Debug;
		};
		8BF705621F5C3CA20064C421 /* Release */ = {
			isa = XCBuildConfiguration;
			buildSettings = {
				ALWAYS_SEARCH_USER_PATHS = NO;
				CLANG_ANALYZER_NONNULL = YES;
				CLANG_ANALYZER_NUMBER_OBJECT_CONVERSION = YES_AGGRESSIVE;
				CLANG_CXX_LANGUAGE_STANDARD = "gnu++14";
				CLANG_CXX_LIBRARY = "libc++";
				CLANG_ENABLE_MODULES = YES;
				CLANG_ENABLE_OBJC_ARC = YES;
				CLANG_WARN_BLOCK_CAPTURE_AUTORELEASING = YES;
				CLANG_WARN_BOOL_CONVERSION = YES;
				CLANG_WARN_COMMA = YES;
				CLANG_WARN_CONSTANT_CONVERSION = YES;
				CLANG_WARN_DIRECT_OBJC_ISA_USAGE = YES_ERROR;
				CLANG_WARN_DOCUMENTATION_COMMENTS = YES;
				CLANG_WARN_EMPTY_BODY = YES;
				CLANG_WARN_ENUM_CONVERSION = YES;
				CLANG_WARN_INFINITE_RECURSION = YES;
				CLANG_WARN_INT_CONVERSION = YES;
				CLANG_WARN_NON_LITERAL_NULL_CONVERSION = YES;
				CLANG_WARN_OBJC_LITERAL_CONVERSION = YES;
				CLANG_WARN_OBJC_ROOT_CLASS = YES_ERROR;
				CLANG_WARN_RANGE_LOOP_ANALYSIS = YES;
				CLANG_WARN_STRICT_PROTOTYPES = YES;
				CLANG_WARN_SUSPICIOUS_MOVE = YES;
				CLANG_WARN_UNGUARDED_AVAILABILITY = YES_AGGRESSIVE;
				CLANG_WARN_UNREACHABLE_CODE = YES;
				CLANG_WARN__DUPLICATE_METHOD_MATCH = YES;
				CODE_SIGN_IDENTITY = "iPhone Developer";
				COPY_PHASE_STRIP = NO;
				DEBUG_INFORMATION_FORMAT = "dwarf-with-dsym";
				ENABLE_NS_ASSERTIONS = NO;
				ENABLE_STRICT_OBJC_MSGSEND = YES;
				GCC_C_LANGUAGE_STANDARD = gnu11;
				GCC_NO_COMMON_BLOCKS = YES;
				GCC_WARN_64_TO_32_BIT_CONVERSION = YES;
				GCC_WARN_ABOUT_RETURN_TYPE = YES_ERROR;
				GCC_WARN_UNDECLARED_SELECTOR = YES;
				GCC_WARN_UNINITIALIZED_AUTOS = YES_AGGRESSIVE;
				GCC_WARN_UNUSED_FUNCTION = YES;
				GCC_WARN_UNUSED_VARIABLE = YES;
				IPHONEOS_DEPLOYMENT_TARGET = 11.0;
				MTL_ENABLE_DEBUG_INFO = NO;
				SDKROOT = iphoneos;
				SWIFT_OPTIMIZATION_LEVEL = "-Owholemodule";
				VALIDATE_PRODUCT = YES;
			};
			name = Release;
		};
		8BF705641F5C3CA20064C421 /* Debug */ = {
			isa = XCBuildConfiguration;
			buildSettings = {
				ASSETCATALOG_COMPILER_APPICON_NAME = AppIcon;
				CODE_SIGN_STYLE = Automatic;
				DEVELOPMENT_TEAM = 5C2XD9H2JS;
				INFOPLIST_FILE = ThreadSafeClass/Info.plist;
				LD_RUNPATH_SEARCH_PATHS = "$(inherited) @executable_path/Frameworks";
				PRODUCT_BUNDLE_IDENTIFIER = com.alfianlosari.ThreadSafeClass;
				PRODUCT_NAME = "$(TARGET_NAME)";
				SWIFT_VERSION = 4.0;
				TARGETED_DEVICE_FAMILY = "1,2";
			};
			name = Debug;
		};
		8BF705651F5C3CA20064C421 /* Release */ = {
			isa = XCBuildConfiguration;
			buildSettings = {
				ASSETCATALOG_COMPILER_APPICON_NAME = AppIcon;
				CODE_SIGN_STYLE = Automatic;
				DEVELOPMENT_TEAM = 5C2XD9H2JS;
				INFOPLIST_FILE = ThreadSafeClass/Info.plist;
				LD_RUNPATH_SEARCH_PATHS = "$(inherited) @executable_path/Frameworks";
				PRODUCT_BUNDLE_IDENTIFIER = com.alfianlosari.ThreadSafeClass;
				PRODUCT_NAME = "$(TARGET_NAME)";
				SWIFT_VERSION = 4.0;
				TARGETED_DEVICE_FAMILY = "1,2";
			};
			name = Release;
		};
/* End XCBuildConfiguration section */

/* Begin XCConfigurationList section */
		8BF7054C1F5C3CA20064C421 /* Build configuration list for PBXProject "ThreadSafeClass" */ = {
			isa = XCConfigurationList;
			buildConfigurations = (
				8BF705611F5C3CA20064C421 /* Debug */,
				8BF705621F5C3CA20064C421 /* Release */,
			);
			defaultConfigurationIsVisible = 0;
			defaultConfigurationName = Release;
		};
		8BF705631F5C3CA20064C421 /* Build configuration list for PBXNativeTarget "ThreadSafeClass" */ = {
			isa = XCConfigurationList;
			buildConfigurations = (
				8BF705641F5C3CA20064C421 /* Debug */,
				8BF705651F5C3CA20064C421 /* Release */,
			);
			defaultConfigurationIsVisible = 0;
			defaultConfigurationName = Release;
		};
/* End XCConfigurationList section */
	};
	rootObject = 8BF705491F5C3CA20064C421 /* Project object */;
}
